{
  "name": "kronos-js",
  "version": "1.1.0",
  "lockfileVersion": 2,
  "requires": true,
  "packages": {
    "": {
      "name": "kronos-js",
      "version": "1.1.0",
      "license": "ISC",
      "dependencies": {
        "cron": "^1.8.3",
        "eventemitter2": "^5.0.1",
        "moment": "^2.29.4"
      }
    },
    "node_modules/cron": {
      "version": "1.8.3",
      "resolved": "https://registry.npmjs.org/cron/-/cron-1.8.3.tgz",
      "integrity": "sha512-JYR/QZFklJCIPndBLfd/2nU1nSlCMrUdtQ2mGLXSVM/qqqEK7DOrFR0gsEiyeqs0PdWrs0ve1ggH4V7XksDwXg==",
      "deprecated": "Breaking dependency change (moved from moment to luxon). Please move to 2.0.0.",
      "dependencies": {
        "luxon": "^1.23.x"
      }
    },
    "node_modules/eventemitter2": {
      "version": "5.0.1",
      "resolved": "https://registry.npmjs.org/eventemitter2/-/eventemitter2-5.0.1.tgz",
      "integrity": "sha1-YZegldX7a1folC9v1+qtY6CclFI="
    },
    "node_modules/luxon": {
      "version": "1.28.1",
      "resolved": "https://registry.npmjs.org/luxon/-/luxon-1.28.1.tgz",
      "integrity": "sha512-gYHAa180mKrNIUJCbwpmD0aTu9kV0dREDrwNnuyFAsO1Wt0EVYSZelPnJlbj9HplzXX/YWXHFTL45kvZ53M0pw==",
      "engines": {
        "node": "*"
      }
    },
    "node_modules/moment": {
      "version": "2.29.4",
      "resolved": "https://registry.npmjs.org/moment/-/moment-2.29.4.tgz",
      "integrity": "sha512-5LC9SOxjSc2HF6vO2CyuTDNivEdoz2IvyJJGj6X8DJ0eFyfszE0QiEd+iXmBvUP3WHxSjFH/vIsA0EN00cgr8w==",
      "engines": {
        "node": "*"
      }
    }
  },
  "dependencies": {
    "cron": {
      "version": "1.8.3",
      "resolved": "https://registry.npmjs.org/cron/-/cron-1.8.3.tgz",
      "integrity": "sha512-JYR/QZFklJCIPndBLfd/2nU1nSlCMrUdtQ2mGLXSVM/qqqEK7DOrFR0gsEiyeqs0PdWrs0ve1ggH4V7XksDwXg==",
      "requires": {
        "luxon": "^1.23.x"
      }
    },
    "eventemitter2": {
      "version": "5.0.1",
      "resolved": "https://registry.npmjs.org/eventemitter2/-/eventemitter2-5.0.1.tgz",
      "integrity": "sha1-YZegldX7a1folC9v1+qtY6CclFI="
    },
    "luxon": {
      "version": "1.28.1",
      "resolved": "https://registry.npmjs.org/luxon/-/luxon-1.28.1.tgz",
      "integrity": "sha512-gYHAa180mKrNIUJCbwpmD0aTu9kV0dREDrwNnuyFAsO1Wt0EVYSZelPnJlbj9HplzXX/YWXHFTL45kvZ53M0pw=="
    },
    "moment": {
      "version": "2.29.4",
      "resolved": "https://registry.npmjs.org/moment/-/moment-2.29.4.tgz",
      "integrity": "sha512-5LC9SOxjSc2HF6vO2CyuTDNivEdoz2IvyJJGj6X8DJ0eFyfszE0QiEd+iXmBvUP3WHxSjFH/vIsA0EN00cgr8w=="
    }
  }
}
